
Microsoft Visual Studio Solution File, Format Version 12.00
# Visual Studio Version 17
VisualStudioVersion = 17.3.32825.248
MinimumVisualStudioVersion = 10.0.40219.1
Project("{FAE04EC0-301F-11D3-BF4B-00C04F79EFBC}") = "Lesson_5_1", "Lesson_5\Lesson_5_1.csproj", "{085BD7E8-FD94-43F3-BAFA-FB976E51A583}"
EndProject
Project("{FAE04EC0-301F-11D3-BF4B-00C04F79EFBC}") = "Lesson_5_2", "Lesson_5_2\Lesson_5_2.csproj", "{1CE0D491-7DA8-499E-A180-B4411870C0AF}"
EndProject
Project("{FAE04EC0-301F-11D3-BF4B-00C04F79EFBC}") = "Lesson_5_3", "Lesson_5_3\Lesson_5_3.csproj", "{A0BED6B1-21EF-4543-94A8-45A3E8C245A0}"
EndProject
Global
	GlobalSection(SolutionConfigurationPlatforms) = preSolution
		Debug|Any CPU = Debug|Any CPU
		Release|Any CPU = Release|Any CPU
	EndGlobalSection
	GlobalSection(ProjectConfigurationPlatforms) = postSolution
		{085BD7E8-FD94-43F3-BAFA-FB976E51A583}.Debug|Any CPU.ActiveCfg = Debug|Any CPU
		{085BD7E8-FD94-43F3-BAFA-FB976E51A583}.Debug|Any CPU.Build.0 = Debug|Any CPU
		{085BD7E8-FD94-43F3-BAFA-FB976E51A583}.Release|Any CPU.ActiveCfg = Release|Any CPU
		{085BD7E8-FD94-43F3-BAFA-FB976E51A583}.Release|Any CPU.Build.0 = Release|Any CPU
		{1CE0D491-7DA8-499E-A180-B4411870C0AF}.Debug|Any CPU.ActiveCfg = Debug|Any CPU
		{1CE0D491-7DA8-499E-A180-B4411870C0AF}.Debug|Any CPU.Build.0 = Debug|Any CPU
		{1CE0D491-7DA8-499E-A180-B4411870C0AF}.Release|Any CPU.ActiveCfg = Release|Any CPU
		{1CE0D491-7DA8-499E-A180-B4411870C0AF}.Release|Any CPU.Build.0 = Release|Any CPU
		{A0BED6B1-21EF-4543-94A8-45A3E8C245A0}.Debug|Any CPU.ActiveCfg = Debug|Any CPU
		{A0BED6B1-21EF-4543-94A8-45A3E8C245A0}.Debug|Any CPU.Build.0 = Debug|Any CPU
		{A0BED6B1-21EF-4543-94A8-45A3E8C245A0}.Release|Any CPU.ActiveCfg = Release|Any CPU
		{A0BED6B1-21EF-4543-94A8-45A3E8C245A0}.Release|Any CPU.Build.0 = Release|Any CPU
	EndGlobalSection
	GlobalSection(SolutionProperties) = preSolution
		HideSolutionNode = FALSE
	EndGlobalSection
	GlobalSection(ExtensibilityGlobals) = postSolution
		SolutionGuid = {B1DC66CD-8788-4865-BB61-678F97485DDE}
	EndGlobalSection
EndGlobal
