
Microsoft Visual Studio Solution File, Format Version 12.00
# Visual Studio Version 17
VisualStudioVersion = 17.3.32825.248
MinimumVisualStudioVersion = 10.0.40219.1
Project("{FAE04EC0-301F-11D3-BF4B-00C04F79EFBC}") = "Exercise_2", "Exercise_2\Exercise_2.csproj", "{72D59CE5-1F0C-43A7-8E08-68D4CD22BEA8}"
EndProject
Global
	GlobalSection(SolutionConfigurationPlatforms) = preSolution
		Debug|Any CPU = Debug|Any CPU
		Release|Any CPU = Release|Any CPU
	EndGlobalSection
	GlobalSection(ProjectConfigurationPlatforms) = postSolution
		{72D59CE5-1F0C-43A7-8E08-68D4CD22BEA8}.Debug|Any CPU.ActiveCfg = Debug|Any CPU
		{72D59CE5-1F0C-43A7-8E08-68D4CD22BEA8}.Debug|Any CPU.Build.0 = Debug|Any CPU
		{72D59CE5-1F0C-43A7-8E08-68D4CD22BEA8}.Release|Any CPU.ActiveCfg = Release|Any CPU
		{72D59CE5-1F0C-43A7-8E08-68D4CD22BEA8}.Release|Any CPU.Build.0 = Release|Any CPU
	EndGlobalSection
	GlobalSection(SolutionProperties) = preSolution
		HideSolutionNode = FALSE
	EndGlobalSection
	GlobalSection(ExtensibilityGlobals) = postSolution
		SolutionGuid = {B5900E42-08CB-4EE9-B4FD-3629869A13CE}
	EndGlobalSection
EndGlobal
