
Microsoft Visual Studio Solution File, Format Version 12.00
# Visual Studio Version 17
VisualStudioVersion = 17.3.32825.248
MinimumVisualStudioVersion = 10.0.40219.1
Project("{FAE04EC0-301F-11D3-BF4B-00C04F79EFBC}") = "TheDebtBook", "TheDebtBook\TheDebtBook.csproj", "{31E30971-43FE-403F-873D-CE4864740396}"
EndProject
Project("{2150E333-8FDC-42A3-9474-1A3956D46DE8}") = "Solution Items", "Solution Items", "{14151BE3-B4AD-465B-98E7-5C2259F83EC2}"
	ProjectSection(SolutionItems) = preProject
		TheDebtBook\ResourceDictionaries\Dictionary.xaml = TheDebtBook\ResourceDictionaries\Dictionary.xaml
	EndProjectSection
EndProject
Global
	GlobalSection(SolutionConfigurationPlatforms) = preSolution
		Debug|Any CPU = Debug|Any CPU
		Release|Any CPU = Release|Any CPU
	EndGlobalSection
	GlobalSection(ProjectConfigurationPlatforms) = postSolution
		{31E30971-43FE-403F-873D-CE4864740396}.Debug|Any CPU.ActiveCfg = Debug|Any CPU
		{31E30971-43FE-403F-873D-CE4864740396}.Debug|Any CPU.Build.0 = Debug|Any CPU
		{31E30971-43FE-403F-873D-CE4864740396}.Release|Any CPU.ActiveCfg = Release|Any CPU
		{31E30971-43FE-403F-873D-CE4864740396}.Release|Any CPU.Build.0 = Release|Any CPU
	EndGlobalSection
	GlobalSection(SolutionProperties) = preSolution
		HideSolutionNode = FALSE
	EndGlobalSection
	GlobalSection(ExtensibilityGlobals) = postSolution
		SolutionGuid = {9F079A26-8812-4AD1-83C6-2D06C1505EF1}
	EndGlobalSection
EndGlobal
