
Microsoft Visual Studio Solution File, Format Version 12.00
# Visual Studio Version 17
VisualStudioVersion = 17.3.32825.248
MinimumVisualStudioVersion = 10.0.40219.1
Project("{FAE04EC0-301F-11D3-BF4B-00C04F79EFBC}") = "Lesson_3_1", "Lesson_3\Lesson_3_1.csproj", "{A141A14F-B248-4976-B173-4ECD32B70B52}"
EndProject
Global
	GlobalSection(SolutionConfigurationPlatforms) = preSolution
		Debug|Any CPU = Debug|Any CPU
		Release|Any CPU = Release|Any CPU
	EndGlobalSection
	GlobalSection(ProjectConfigurationPlatforms) = postSolution
		{A141A14F-B248-4976-B173-4ECD32B70B52}.Debug|Any CPU.ActiveCfg = Debug|Any CPU
		{A141A14F-B248-4976-B173-4ECD32B70B52}.Debug|Any CPU.Build.0 = Debug|Any CPU
		{A141A14F-B248-4976-B173-4ECD32B70B52}.Release|Any CPU.ActiveCfg = Release|Any CPU
		{A141A14F-B248-4976-B173-4ECD32B70B52}.Release|Any CPU.Build.0 = Release|Any CPU
	EndGlobalSection
	GlobalSection(SolutionProperties) = preSolution
		HideSolutionNode = FALSE
	EndGlobalSection
	GlobalSection(ExtensibilityGlobals) = postSolution
		SolutionGuid = {E8FFFFAC-365E-4EBB-9590-EC8C3DACB080}
	EndGlobalSection
EndGlobal
