
Microsoft Visual Studio Solution File, Format Version 12.00
# Visual Studio Version 17
VisualStudioVersion = 17.3.32825.248
MinimumVisualStudioVersion = 10.0.40219.1
Project("{FAE04EC0-301F-11D3-BF4B-00C04F79EFBC}") = "Lesson_7_1", "Lesson_7_1\Lesson_7_1.csproj", "{8F3137C7-F693-4D80-84A4-061F0D019A90}"
EndProject
Global
	GlobalSection(SolutionConfigurationPlatforms) = preSolution
		Debug|Any CPU = Debug|Any CPU
		Release|Any CPU = Release|Any CPU
	EndGlobalSection
	GlobalSection(ProjectConfigurationPlatforms) = postSolution
		{8F3137C7-F693-4D80-84A4-061F0D019A90}.Debug|Any CPU.ActiveCfg = Debug|Any CPU
		{8F3137C7-F693-4D80-84A4-061F0D019A90}.Debug|Any CPU.Build.0 = Debug|Any CPU
		{8F3137C7-F693-4D80-84A4-061F0D019A90}.Release|Any CPU.ActiveCfg = Release|Any CPU
		{8F3137C7-F693-4D80-84A4-061F0D019A90}.Release|Any CPU.Build.0 = Release|Any CPU
	EndGlobalSection
	GlobalSection(SolutionProperties) = preSolution
		HideSolutionNode = FALSE
	EndGlobalSection
	GlobalSection(ExtensibilityGlobals) = postSolution
		SolutionGuid = {727B800E-376B-4097-9E9B-A06FA47866A2}
	EndGlobalSection
EndGlobal
