
Microsoft Visual Studio Solution File, Format Version 12.00
# Visual Studio Version 17
VisualStudioVersion = 17.3.32819.101
MinimumVisualStudioVersion = 10.0.40219.1
Project("{FAE04EC0-301F-11D3-BF4B-00C04F79EFBC}") = "Opgave2", "Opgave2\Opgave2.csproj", "{E5D460C7-D956-44B8-A11A-943C73651CC8}"
EndProject
Global
	GlobalSection(SolutionConfigurationPlatforms) = preSolution
		Debug|Any CPU = Debug|Any CPU
		Release|Any CPU = Release|Any CPU
	EndGlobalSection
	GlobalSection(ProjectConfigurationPlatforms) = postSolution
		{E5D460C7-D956-44B8-A11A-943C73651CC8}.Debug|Any CPU.ActiveCfg = Debug|Any CPU
		{E5D460C7-D956-44B8-A11A-943C73651CC8}.Debug|Any CPU.Build.0 = Debug|Any CPU
		{E5D460C7-D956-44B8-A11A-943C73651CC8}.Release|Any CPU.ActiveCfg = Release|Any CPU
		{E5D460C7-D956-44B8-A11A-943C73651CC8}.Release|Any CPU.Build.0 = Release|Any CPU
	EndGlobalSection
	GlobalSection(SolutionProperties) = preSolution
		HideSolutionNode = FALSE
	EndGlobalSection
	GlobalSection(ExtensibilityGlobals) = postSolution
		SolutionGuid = {21C7F51C-EA56-4AB7-ABFC-7A61A4F97FA9}
	EndGlobalSection
EndGlobal
